// !$*UTF8*$!
{
	archiveVersion = 1;
	classes = {
	};
	objectVersion = 56;
	objects = {

/* Begin PBXBuildFile section */
		1F26324229AA3802005685AF /* ShowsList.swift in Sources */ = {isa = PBXBuildFile; fileRef = 1F26324129AA3802005685AF /* ShowsList.swift */; };
		1F26325D29AE51B8005685AF /* HelpView.swift in Sources */ = {isa = PBXBuildFile; fileRef = 1F26325C29AE51B8005685AF /* HelpView.swift */; };
		1F86211729A2CC1F00B95F70 /* CzechTVApp.swift in Sources */ = {isa = PBXBuildFile; fileRef = 1F86211629A2CC1F00B95F70 /* CzechTVApp.swift */; };
		1F86211929A2CC1F00B95F70 /* ContentView.swift in Sources */ = {isa = PBXBuildFile; fileRef = 1F86211829A2CC1F00B95F70 /* ContentView.swift */; };
		1F86211B29A2CC2100B95F70 /* Assets.xcassets in Resources */ = {isa = PBXBuildFile; fileRef = 1F86211A29A2CC2100B95F70 /* Assets.xcassets */; };
		1F86211E29A2CC2100B95F70 /* Preview Assets.xcassets in Resources */ = {isa = PBXBuildFile; fileRef = 1F86211D29A2CC2100B95F70 /* Preview Assets.xcassets */; };
		1F86212529A2CCA100B95F70 /* NetworkManager.swift in Sources */ = {isa = PBXBuildFile; fileRef = 1F86212429A2CCA100B95F70 /* NetworkManager.swift */; };
		1FE5684F29A815A800FF45B5 /* Program.swift in Sources */ = {isa = PBXBuildFile; fileRef = 1FE5684E29A815A800FF45B5 /* Program.swift */; };
		1FE5685A29A90FA600FF45B5 /* XMLCoder in Frameworks */ = {isa = PBXBuildFile; productRef = 1FE5685929A90FA600FF45B5 /* XMLCoder */; };
/* End PBXBuildFile section */

/* Begin PBXFileReference section */
		1F26324129AA3802005685AF /* ShowsList.swift */ = {isa = PBXFileReference; lastKnownFileType = sourcecode.swift; path = ShowsList.swift; sourceTree = "<group>"; };
		1F26325C29AE51B8005685AF /* HelpView.swift */ = {isa = PBXFileReference; lastKnownFileType = sourcecode.swift; path = HelpView.swift; sourceTree = "<group>"; };
		1F86211329A2CC1F00B95F70 /* CzechTV.app */ = {isa = PBXFileReference; explicitFileType = wrapper.application; includeInIndex = 0; path = CzechTV.app; sourceTree = BUILT_PRODUCTS_DIR; };
		1F86211629A2CC1F00B95F70 /* CzechTVApp.swift */ = {isa = PBXFileReference; lastKnownFileType = sourcecode.swift; path = CzechTVApp.swift; sourceTree = "<group>"; };
		1F86211829A2CC1F00B95F70 /* ContentView.swift */ = {isa = PBXFileReference; lastKnownFileType = sourcecode.swift; path = ContentView.swift; sourceTree = "<group>"; };
		1F86211A29A2CC2100B95F70 /* Assets.xcassets */ = {isa = PBXFileReference; lastKnownFileType = folder.assetcatalog; path = Assets.xcassets; sourceTree = "<group>"; };
		1F86211D29A2CC2100B95F70 /* Preview Assets.xcassets */ = {isa = PBXFileReference; lastKnownFileType = folder.assetcatalog; path = "Preview Assets.xcassets"; sourceTree = "<group>"; };
		1F86212429A2CCA100B95F70 /* NetworkManager.swift */ = {isa = PBXFileReference; lastKnownFileType = sourcecode.swift; path = NetworkManager.swift; sourceTree = "<group>"; };
		1FE5684E29A815A800FF45B5 /* Program.swift */ = {isa = PBXFileReference; lastKnownFileType = sourcecode.swift; path = Program.swift; sourceTree = "<group>"; };
		1FE5685B29A91D8900FF45B5 /* Info.plist */ = {isa = PBXFileReference; lastKnownFileType = text.plist; path = Info.plist; sourceTree = "<group>"; };
/* End PBXFileReference section */

/* Begin PBXFrameworksBuildPhase section */
		1F86211029A2CC1F00B95F70 /* Frameworks */ = {
			isa = PBXFrameworksBuildPhase;
			buildActionMask = 2147483647;
			files = (
				1FE5685A29A90FA600FF45B5 /* XMLCoder in Frameworks */,
			);
			runOnlyForDeploymentPostprocessing = 0;
		};
/* End PBXFrameworksBuildPhase section */

/* Begin PBXGroup section */
		1F86210A29A2CC1F00B95F70 = {
			isa = PBXGroup;
			children = (
				1F86211529A2CC1F00B95F70 /* CzechTV */,
				1F86211429A2CC1F00B95F70 /* Products */,
			);
			sourceTree = "<group>";
		};
		1F86211429A2CC1F00B95F70 /* Products */ = {
			isa = PBXGroup;
			children = (
				1F86211329A2CC1F00B95F70 /* CzechTV.app */,
			);
			name = Products;
			sourceTree = "<group>";
		};
		1F86211529A2CC1F00B95F70 /* CzechTV */ = {
			isa = PBXGroup;
			children = (
				1FE5685B29A91D8900FF45B5 /* Info.plist */,
				1F86211629A2CC1F00B95F70 /* CzechTVApp.swift */,
				1F86212629A2CCB400B95F70 /* Views */,
				1F86211A29A2CC2100B95F70 /* Assets.xcassets */,
				1F86212729A2CCCE00B95F70 /* Models */,
				1F86211C29A2CC2100B95F70 /* Preview Content */,
			);
			path = CzechTV;
			sourceTree = "<group>";
		};
		1F86211C29A2CC2100B95F70 /* Preview Content */ = {
			isa = PBXGroup;
			children = (
				1F86211D29A2CC2100B95F70 /* Preview Assets.xcassets */,
			);
			path = "Preview Content";
			sourceTree = "<group>";
		};
		1F86212629A2CCB400B95F70 /* Views */ = {
			isa = PBXGroup;
			children = (
				1F86211829A2CC1F00B95F70 /* ContentView.swift */,
				1F26325C29AE51B8005685AF /* HelpView.swift */,
				1F26324129AA3802005685AF /* ShowsList.swift */,
			);
			path = Views;
			sourceTree = "<group>";
		};
		1F86212729A2CCCE00B95F70 /* Models */ = {
			isa = PBXGroup;
			children = (
				1F86212429A2CCA100B95F70 /* NetworkManager.swift */,
				1FE5684E29A815A800FF45B5 /* Program.swift */,
			);
			path = Models;
			sourceTree = "<group>";
		};
/* End PBXGroup section */

/* Begin PBXNativeTarget section */
		1F86211229A2CC1F00B95F70 /* CzechTV */ = {
			isa = PBXNativeTarget;
			buildConfigurationList = 1F86212129A2CC2100B95F70 /* Build configuration list for PBXNativeTarget "CzechTV" */;
			buildPhases = (
				1F86210F29A2CC1F00B95F70 /* Sources */,
				1F86211029A2CC1F00B95F70 /* Frameworks */,
				1F86211129A2CC1F00B95F70 /* Resources */,
			);
			buildRules = (
			);
			dependencies = (
			);
			name = CzechTV;
			packageProductDependencies = (
				1FE5685929A90FA600FF45B5 /* XMLCoder */,
			);
			productName = CzechTV;
			productReference = 1F86211329A2CC1F00B95F70 /* CzechTV.app */;
			productType = "com.apple.product-type.application";
		};
/* End PBXNativeTarget section */

/* Begin PBXProject section */
		1F86210B29A2CC1F00B95F70 /* Project object */ = {
			isa = PBXProject;
			attributes = {
				BuildIndependentTargetsInParallel = 1;
				LastSwiftUpdateCheck = 1420;
				LastUpgradeCheck = 1420;
				TargetAttributes = {
					1F86211229A2CC1F00B95F70 = {
						CreatedOnToolsVersion = 14.2;
					};
				};
			};
			buildConfigurationList = 1F86210E29A2CC1F00B95F70 /* Build configuration list for PBXProject "CzechTV" */;
			compatibilityVersion = "Xcode 14.0";
			developmentRegion = en;
			hasScannedForEncodings = 0;
			knownRegions = (
				en,
				Base,
			);
			mainGroup = 1F86210A29A2CC1F00B95F70;
			packageReferences = (
				1FE5685829A90FA600FF45B5 /* XCRemoteSwiftPackageReference "XMLCoder" */,
			);
			productRefGroup = 1F86211429A2CC1F00B95F70 /* Products */;
			projectDirPath = "";
			projectRoot = "";
			targets = (
				1F86211229A2CC1F00B95F70 /* CzechTV */,
			);
		};
/* End PBXProject section */

/* Begin PBXResourcesBuildPhase section */
		1F86211129A2CC1F00B95F70 /* Resources */ = {
			isa = PBXResourcesBuildPhase;
			buildActionMask = 2147483647;
			files = (
				1F86211E29A2CC2100B95F70 /* Preview Assets.xcassets in Resources */,
				1F86211B29A2CC2100B95F70 /* Assets.xcassets in Resources */,
			);
			runOnlyForDeploymentPostprocessing = 0;
		};
/* End PBXResourcesBuildPhase section */

/* Begin PBXSourcesBuildPhase section */
		1F86210F29A2CC1F00B95F70 /* Sources */ = {
			isa = PBXSourcesBuildPhase;
			buildActionMask = 2147483647;
			files = (
				1FE5684F29A815A800FF45B5 /* Program.swift in Sources */,
				1F26325D29AE51B8005685AF /* HelpView.swift in Sources */,
				1F86212529A2CCA100B95F70 /* NetworkManager.swift in Sources */,
				1F86211929A2CC1F00B95F70 /* ContentView.swift in Sources */,
				1F86211729A2CC1F00B95F70 /* CzechTVApp.swift in Sources */,
				1F26324229AA3802005685AF /* ShowsList.swift in Sources */,
			);
			runOnlyForDeploymentPostprocessing = 0;
		};
/* End PBXSourcesBuildPhase section */

/* Begin XCBuildConfiguration section */
		1F86211F29A2CC2100B95F70 /* Debug */ = {
			isa = XCBuildConfiguration;
			buildSettings = {
				ALWAYS_SEARCH_USER_PATHS = NO;
				CLANG_ANALYZER_NONNULL = YES;
				CLANG_ANALYZER_NUMBER_OBJECT_CONVERSION = YES_AGGRESSIVE;
				CLANG_CXX_LANGUAGE_STANDARD = "gnu++20";
				CLANG_ENABLE_MODULES = YES;
				CLANG_ENABLE_OBJC_ARC = YES;
				CLANG_ENABLE_OBJC_WEAK = YES;
				CLANG_WARN_BLOCK_CAPTURE_AUTORELEASING = YES;
				CLANG_WARN_BOOL_CONVERSION = YES;
				CLANG_WARN_COMMA = YES;
				CLANG_WARN_CONSTANT_CONVERSION = YES;
				CLANG_WARN_DEPRECATED_OBJC_IMPLEMENTATIONS = YES;
				CLANG_WARN_DIRECT_OBJC_ISA_USAGE = YES_ERROR;
				CLANG_WARN_DOCUMENTATION_COMMENTS = YES;
				CLANG_WARN_EMPTY_BODY = YES;
				CLANG_WARN_ENUM_CONVERSION = YES;
				CLANG_WARN_INFINITE_RECURSION = YES;
				CLANG_WARN_INT_CONVERSION = YES;
				CLANG_WARN_NON_LITERAL_NULL_CONVERSION = YES;
				CLANG_WARN_OBJC_IMPLICIT_RETAIN_SELF = YES;
				CLANG_WARN_OBJC_LITERAL_CONVERSION = YES;
				CLANG_WARN_OBJC_ROOT_CLASS = YES_ERROR;
				CLANG_WARN_QUOTED_INCLUDE_IN_FRAMEWORK_HEADER = YES;
				CLANG_WARN_RANGE_LOOP_ANALYSIS = YES;
				CLANG_WARN_STRICT_PROTOTYPES = YES;
				CLANG_WARN_SUSPICIOUS_MOVE = YES;
				CLANG_WARN_UNGUARDED_AVAILABILITY = YES_AGGRESSIVE;
				CLANG_WARN_UNREACHABLE_CODE = YES;
				CLANG_WARN__DUPLICATE_METHOD_MATCH = YES;
				COPY_PHASE_STRIP = NO;
				DEBUG_INFORMATION_FORMAT = dwarf;
				ENABLE_STRICT_OBJC_MSGSEND = YES;
				ENABLE_TESTABILITY = YES;
				GCC_C_LANGUAGE_STANDARD = gnu11;
				GCC_DYNAMIC_NO_PIC = NO;
				GCC_NO_COMMON_BLOCKS = YES;
				GCC_OPTIMIZATION_LEVEL = 0;
				GCC_PREPROCESSOR_DEFINITIONS = (
					"DEBUG=1",
					"$(inherited)",
				);
				GCC_WARN_64_TO_32_BIT_CONVERSION = YES;
				GCC_WARN_ABOUT_RETURN_TYPE = YES_ERROR;
				GCC_WARN_UNDECLARED_SELECTOR = YES;
				GCC_WARN_UNINITIALIZED_AUTOS = YES_AGGRESSIVE;
				GCC_WARN_UNUSED_FUNCTION = YES;
				GCC_WARN_UNUSED_VARIABLE = YES;
				IPHONEOS_DEPLOYMENT_TARGET = 16.2;
				MTL_ENABLE_DEBUG_INFO = INCLUDE_SOURCE;
				MTL_FAST_MATH = YES;
				ONLY_ACTIVE_ARCH = YES;
				SDKROOT = iphoneos;
				SWIFT_ACTIVE_COMPILATION_CONDITIONS = DEBUG;
				SWIFT_OPTIMIZATION_LEVEL = "-Onone";
			};
			name = Debug;
		};
		1F86212029A2CC2100B95F70 /* Release */ = {
			isa = XCBuildConfiguration;
			buildSettings = {
				ALWAYS_SEARCH_USER_PATHS = NO;
				CLANG_ANALYZER_NONNULL = YES;
				CLANG_ANALYZER_NUMBER_OBJECT_CONVERSION = YES_AGGRESSIVE;
				CLANG_CXX_LANGUAGE_STANDARD = "gnu++20";
				CLANG_ENABLE_MODULES = YES;
				CLANG_ENABLE_OBJC_ARC = YES;
				CLANG_ENABLE_OBJC_WEAK = YES;
				CLANG_WARN_BLOCK_CAPTURE_AUTORELEASING = YES;
				CLANG_WARN_BOOL_CONVERSION = YES;
				CLANG_WARN_COMMA = YES;
				CLANG_WARN_CONSTANT_CONVERSION = YES;
				CLANG_WARN_DEPRECATED_OBJC_IMPLEMENTATIONS = YES;
				CLANG_WARN_DIRECT_OBJC_ISA_USAGE = YES_ERROR;
				CLANG_WARN_DOCUMENTATION_COMMENTS = YES;
				CLANG_WARN_EMPTY_BODY = YES;
				CLANG_WARN_ENUM_CONVERSION = YES;
				CLANG_WARN_INFINITE_RECURSION = YES;
				CLANG_WARN_INT_CONVERSION = YES;
				CLANG_WARN_NON_LITERAL_NULL_CONVERSION = YES;
				CLANG_WARN_OBJC_IMPLICIT_RETAIN_SELF = YES;
				CLANG_WARN_OBJC_LITERAL_CONVERSION = YES;
				CLANG_WARN_OBJC_ROOT_CLASS = YES_ERROR;
				CLANG_WARN_QUOTED_INCLUDE_IN_FRAMEWORK_HEADER = YES;
				CLANG_WARN_RANGE_LOOP_ANALYSIS = YES;
				CLANG_WARN_STRICT_PROTOTYPES = YES;
				CLANG_WARN_SUSPICIOUS_MOVE = YES;
				CLANG_WARN_UNGUARDED_AVAILABILITY = YES_AGGRESSIVE;
				CLANG_WARN_UNREACHABLE_CODE = YES;
				CLANG_WARN__DUPLICATE_METHOD_MATCH = YES;
				COPY_PHASE_STRIP = NO;
				DEBUG_INFORMATION_FORMAT = "dwarf-with-dsym";
				ENABLE_NS_ASSERTIONS = NO;
				ENABLE_STRICT_OBJC_MSGSEND = YES;
				GCC_C_LANGUAGE_STANDARD = gnu11;
				GCC_NO_COMMON_BLOCKS = YES;
				GCC_WARN_64_TO_32_BIT_CONVERSION = YES;
				GCC_WARN_ABOUT_RETURN_TYPE = YES_ERROR;
				GCC_WARN_UNDECLARED_SELECTOR = YES;
				GCC_WARN_UNINITIALIZED_AUTOS = YES_AGGRESSIVE;
				GCC_WARN_UNUSED_FUNCTION = YES;
				GCC_WARN_UNUSED_VARIABLE = YES;
				IPHONEOS_DEPLOYMENT_TARGET = 16.2;
				MTL_ENABLE_DEBUG_INFO = NO;
				MTL_FAST_MATH = YES;
				SDKROOT = iphoneos;
				SWIFT_COMPILATION_MODE = wholemodule;
				SWIFT_OPTIMIZATION_LEVEL = "-O";
				VALIDATE_PRODUCT = YES;
			};
			name = Release;
		};
		1F86212229A2CC2100B95F70 /* Debug */ = {
			isa = XCBuildConfiguration;
			buildSettings = {
				ASSETCATALOG_COMPILER_APPICON_NAME = AppIcon;
				ASSETCATALOG_COMPILER_GLOBAL_ACCENT_COLOR_NAME = AccentColor;
				CODE_SIGN_STYLE = Automatic;
				CURRENT_PROJECT_VERSION = 1;
				DEVELOPMENT_ASSET_PATHS = "\"CzechTV/Preview Content\"";
				DEVELOPMENT_TEAM = P3K32DW2KW;
				ENABLE_PREVIEWS = YES;
				GENERATE_INFOPLIST_FILE = YES;
				INFOPLIST_FILE = CzechTV/Info.plist;
				INFOPLIST_KEY_UIApplicationSupportsIndirectInputEvents = YES;
				INFOPLIST_KEY_UILaunchScreen_Generation = YES;
				INFOPLIST_KEY_UISupportedInterfaceOrientations_iPad = "UIInterfaceOrientationPortrait UIInterfaceOrientationPortraitUpsideDown UIInterfaceOrientationLandscapeLeft UIInterfaceOrientationLandscapeRight";
				INFOPLIST_KEY_UISupportedInterfaceOrientations_iPhone = "UIInterfaceOrientationPortrait UIInterfaceOrientationLandscapeLeft UIInterfaceOrientationLandscapeRight";
				LD_RUNPATH_SEARCH_PATHS = (
					"$(inherited)",
					"@executable_path/Frameworks",
				);
				MARKETING_VERSION = 1.0;
				PRODUCT_BUNDLE_IDENTIFIER = cz.marcel.CzechTV;
				PRODUCT_NAME = "$(TARGET_NAME)";
				SWIFT_EMIT_LOC_STRINGS = YES;
				SWIFT_VERSION = 5.0;
				TARGETED_DEVICE_FAMILY = "1,2";
			};
			name = Debug;
		};
		1F86212329A2CC2100B95F70 /* Release */ = {
			isa = XCBuildConfiguration;
			buildSettings = {
				ASSETCATALOG_COMPILER_APPICON_NAME = AppIcon;
				ASSETCATALOG_COMPILER_GLOBAL_ACCENT_COLOR_NAME = AccentColor;
				CODE_SIGN_STYLE = Automatic;
				CURRENT_PROJECT_VERSION = 1;
				DEVELOPMENT_ASSET_PATHS = "\"CzechTV/Preview Content\"";
				DEVELOPMENT_TEAM = P3K32DW2KW;
				ENABLE_PREVIEWS = YES;
				GENERATE_INFOPLIST_FILE = YES;
				INFOPLIST_FILE = CzechTV/Info.plist;
				INFOPLIST_KEY_UIApplicationSupportsIndirectInputEvents = YES;
				INFOPLIST_KEY_UILaunchScreen_Generation = YES;
				INFOPLIST_KEY_UISupportedInterfaceOrientations_iPad = "UIInterfaceOrientationPortrait UIInterfaceOrientationPortraitUpsideDown UIInterfaceOrientationLandscapeLeft UIInterfaceOrientationLandscapeRight";
				INFOPLIST_KEY_UISupportedInterfaceOrientations_iPhone = "UIInterfaceOrientationPortrait UIInterfaceOrientationLandscapeLeft UIInterfaceOrientationLandscapeRight";
				LD_RUNPATH_SEARCH_PATHS = (
					"$(inherited)",
					"@executable_path/Frameworks",
				);
				MARKETING_VERSION = 1.0;
				PRODUCT_BUNDLE_IDENTIFIER = cz.marcel.CzechTV;
				PRODUCT_NAME = "$(TARGET_NAME)";
				SWIFT_EMIT_LOC_STRINGS = YES;
				SWIFT_VERSION = 5.0;
				TARGETED_DEVICE_FAMILY = "1,2";
			};
			name = Release;
		};
/* End XCBuildConfiguration section */

/* Begin XCConfigurationList section */
		1F86210E29A2CC1F00B95F70 /* Build configuration list for PBXProject "CzechTV" */ = {
			isa = XCConfigurationList;
			buildConfigurations = (
				1F86211F29A2CC2100B95F70 /* Debug */,
				1F86212029A2CC2100B95F70 /* Release */,
			);
			defaultConfigurationIsVisible = 0;
			defaultConfigurationName = Release;
		};
		1F86212129A2CC2100B95F70 /* Build configuration list for PBXNativeTarget "CzechTV" */ = {
			isa = XCConfigurationList;
			buildConfigurations = (
				1F86212229A2CC2100B95F70 /* Debug */,
				1F86212329A2CC2100B95F70 /* Release */,
			);
			defaultConfigurationIsVisible = 0;
			defaultConfigurationName = Release;
		};
/* End XCConfigurationList section */

/* Begin XCRemoteSwiftPackageReference section */
		1FE5685829A90FA600FF45B5 /* XCRemoteSwiftPackageReference "XMLCoder" */ = {
			isa = XCRemoteSwiftPackageReference;
			repositoryURL = "https://github.com/CoreOffice/XMLCoder";
			requirement = {
				branch = main;
				kind = branch;
			};
		};
/* End XCRemoteSwiftPackageReference section */

/* Begin XCSwiftPackageProductDependency section */
		1FE5685929A90FA600FF45B5 /* XMLCoder */ = {
			isa = XCSwiftPackageProductDependency;
			package = 1FE5685829A90FA600FF45B5 /* XCRemoteSwiftPackageReference "XMLCoder" */;
			productName = XMLCoder;
		};
/* End XCSwiftPackageProductDependency section */
	};
	rootObject = 1F86210B29A2CC1F00B95F70 /* Project object */;
}
